
Microsoft Visual Studio Solution File, Format Version 12.00
# Visual Studio Version 16
VisualStudioVersion = 16.0.31702.278
MinimumVisualStudioVersion = 10.0.40219.1
Project("{9A19103F-16F7-4668-BE54-9A1E7A4F7556}") = "Messaging.Idendity.Api", "src\Messaging.Idendity.Api\Messaging.Idendity.Api.csproj", "{784FFB0A-0048-4ABF-9997-A241F836738A}"
EndProject
Project("{9A19103F-16F7-4668-BE54-9A1E7A4F7556}") = "Messaging.Shared.Common", "src\Messaging.Shared.Common\Messaging.Shared.Common.csproj", "{08BECBEF-4395-47D6-A8A4-582DB6066C1B}"
EndProject
Project("{9A19103F-16F7-4668-BE54-9A1E7A4F7556}") = "Messaging.User.Api", "src\Messaging.User.Api\Messaging.User.Api.csproj", "{B1A1EAA0-A6F8-44F7-A2B5-77D3423E7F5B}"
EndProject
Project("{2150E333-8FDC-42A3-9474-1A3956D46DE8}") = "src", "src", "{45A20CFC-7D76-42CC-9FC2-7A2D8767EDF7}"
EndProject
Project("{E53339B2-1760-4266-BCC7-CA923CBCF16C}") = "docker-compose", "docker-compose.dcproj", "{4C1C8193-60DB-40F1-95CC-4F7B0D54535E}"
EndProject
Project("{9A19103F-16F7-4668-BE54-9A1E7A4F7556}") = "Messaging.Users.Domain", "src\Messaging.User.Domain\Messaging.Users.Domain.csproj", "{AF7F0557-5023-473A-A3B1-92063B44D62C}"
EndProject
Project("{2150E333-8FDC-42A3-9474-1A3956D46DE8}") = "Auth", "Auth", "{576F5267-E8BF-45A3-8390-4C0A38FA2A8D}"
EndProject
Project("{2150E333-8FDC-42A3-9474-1A3956D46DE8}") = "User", "User", "{2C344C9C-8F83-417A-9D60-E8F398CA5093}"
EndProject
Project("{2150E333-8FDC-42A3-9474-1A3956D46DE8}") = "Shared", "Shared", "{1D51BB6F-6966-49E6-B49B-7AFA83D052D8}"
EndProject
Project("{9A19103F-16F7-4668-BE54-9A1E7A4F7556}") = "Messaging.User.Services", "src\Messaging.User.Services\Messaging.User.Services.csproj", "{31758903-918C-4BBB-9C7F-BBAE1E970DBA}"
EndProject
Project("{2150E333-8FDC-42A3-9474-1A3956D46DE8}") = "Chat", "Chat", "{2087A4F3-1E5A-47D4-9CEC-B5DFBE0FB11A}"
EndProject
Project("{FAE04EC0-301F-11D3-BF4B-00C04F79EFBC}") = "Messaging.Chat.Api", "src\Messaging.Chat.Api\Messaging.Chat.Api.csproj", "{8C159E2A-802C-41ED-820F-ACCE660FD347}"
EndProject
Project("{FAE04EC0-301F-11D3-BF4B-00C04F79EFBC}") = "Messaging.Chat.Services", "src\Messaging.Chat.Services\Messaging.Chat.Services.csproj", "{10A002D4-45F3-41FF-88B0-ED22BB2AA927}"
EndProject
Global
	GlobalSection(SolutionConfigurationPlatforms) = preSolution
		Debug|Any CPU = Debug|Any CPU
		Release|Any CPU = Release|Any CPU
	EndGlobalSection
	GlobalSection(ProjectConfigurationPlatforms) = postSolution
		{784FFB0A-0048-4ABF-9997-A241F836738A}.Debug|Any CPU.ActiveCfg = Debug|Any CPU
		{784FFB0A-0048-4ABF-9997-A241F836738A}.Debug|Any CPU.Build.0 = Debug|Any CPU
		{784FFB0A-0048-4ABF-9997-A241F836738A}.Release|Any CPU.ActiveCfg = Release|Any CPU
		{784FFB0A-0048-4ABF-9997-A241F836738A}.Release|Any CPU.Build.0 = Release|Any CPU
		{08BECBEF-4395-47D6-A8A4-582DB6066C1B}.Debug|Any CPU.ActiveCfg = Debug|Any CPU
		{08BECBEF-4395-47D6-A8A4-582DB6066C1B}.Debug|Any CPU.Build.0 = Debug|Any CPU
		{08BECBEF-4395-47D6-A8A4-582DB6066C1B}.Release|Any CPU.ActiveCfg = Release|Any CPU
		{08BECBEF-4395-47D6-A8A4-582DB6066C1B}.Release|Any CPU.Build.0 = Release|Any CPU
		{B1A1EAA0-A6F8-44F7-A2B5-77D3423E7F5B}.Debug|Any CPU.ActiveCfg = Debug|Any CPU
		{B1A1EAA0-A6F8-44F7-A2B5-77D3423E7F5B}.Debug|Any CPU.Build.0 = Debug|Any CPU
		{B1A1EAA0-A6F8-44F7-A2B5-77D3423E7F5B}.Release|Any CPU.ActiveCfg = Release|Any CPU
		{B1A1EAA0-A6F8-44F7-A2B5-77D3423E7F5B}.Release|Any CPU.Build.0 = Release|Any CPU
		{4C1C8193-60DB-40F1-95CC-4F7B0D54535E}.Debug|Any CPU.ActiveCfg = Debug|Any CPU
		{4C1C8193-60DB-40F1-95CC-4F7B0D54535E}.Debug|Any CPU.Build.0 = Debug|Any CPU
		{4C1C8193-60DB-40F1-95CC-4F7B0D54535E}.Release|Any CPU.ActiveCfg = Release|Any CPU
		{4C1C8193-60DB-40F1-95CC-4F7B0D54535E}.Release|Any CPU.Build.0 = Release|Any CPU
		{AF7F0557-5023-473A-A3B1-92063B44D62C}.Debug|Any CPU.ActiveCfg = Debug|Any CPU
		{AF7F0557-5023-473A-A3B1-92063B44D62C}.Debug|Any CPU.Build.0 = Debug|Any CPU
		{AF7F0557-5023-473A-A3B1-92063B44D62C}.Release|Any CPU.ActiveCfg = Release|Any CPU
		{AF7F0557-5023-473A-A3B1-92063B44D62C}.Release|Any CPU.Build.0 = Release|Any CPU
		{31758903-918C-4BBB-9C7F-BBAE1E970DBA}.Debug|Any CPU.ActiveCfg = Debug|Any CPU
		{31758903-918C-4BBB-9C7F-BBAE1E970DBA}.Debug|Any CPU.Build.0 = Debug|Any CPU
		{31758903-918C-4BBB-9C7F-BBAE1E970DBA}.Release|Any CPU.ActiveCfg = Release|Any CPU
		{31758903-918C-4BBB-9C7F-BBAE1E970DBA}.Release|Any CPU.Build.0 = Release|Any CPU
		{8C159E2A-802C-41ED-820F-ACCE660FD347}.Debug|Any CPU.ActiveCfg = Debug|Any CPU
		{8C159E2A-802C-41ED-820F-ACCE660FD347}.Debug|Any CPU.Build.0 = Debug|Any CPU
		{8C159E2A-802C-41ED-820F-ACCE660FD347}.Release|Any CPU.ActiveCfg = Release|Any CPU
		{8C159E2A-802C-41ED-820F-ACCE660FD347}.Release|Any CPU.Build.0 = Release|Any CPU
		{10A002D4-45F3-41FF-88B0-ED22BB2AA927}.Debug|Any CPU.ActiveCfg = Debug|Any CPU
		{10A002D4-45F3-41FF-88B0-ED22BB2AA927}.Debug|Any CPU.Build.0 = Debug|Any CPU
		{10A002D4-45F3-41FF-88B0-ED22BB2AA927}.Release|Any CPU.ActiveCfg = Release|Any CPU
		{10A002D4-45F3-41FF-88B0-ED22BB2AA927}.Release|Any CPU.Build.0 = Release|Any CPU
	EndGlobalSection
	GlobalSection(SolutionProperties) = preSolution
		HideSolutionNode = FALSE
	EndGlobalSection
	GlobalSection(NestedProjects) = preSolution
		{784FFB0A-0048-4ABF-9997-A241F836738A} = {576F5267-E8BF-45A3-8390-4C0A38FA2A8D}
		{08BECBEF-4395-47D6-A8A4-582DB6066C1B} = {1D51BB6F-6966-49E6-B49B-7AFA83D052D8}
		{B1A1EAA0-A6F8-44F7-A2B5-77D3423E7F5B} = {2C344C9C-8F83-417A-9D60-E8F398CA5093}
		{AF7F0557-5023-473A-A3B1-92063B44D62C} = {1D51BB6F-6966-49E6-B49B-7AFA83D052D8}
		{576F5267-E8BF-45A3-8390-4C0A38FA2A8D} = {45A20CFC-7D76-42CC-9FC2-7A2D8767EDF7}
		{2C344C9C-8F83-417A-9D60-E8F398CA5093} = {45A20CFC-7D76-42CC-9FC2-7A2D8767EDF7}
		{1D51BB6F-6966-49E6-B49B-7AFA83D052D8} = {45A20CFC-7D76-42CC-9FC2-7A2D8767EDF7}
		{31758903-918C-4BBB-9C7F-BBAE1E970DBA} = {2C344C9C-8F83-417A-9D60-E8F398CA5093}
		{2087A4F3-1E5A-47D4-9CEC-B5DFBE0FB11A} = {45A20CFC-7D76-42CC-9FC2-7A2D8767EDF7}
		{8C159E2A-802C-41ED-820F-ACCE660FD347} = {2087A4F3-1E5A-47D4-9CEC-B5DFBE0FB11A}
		{10A002D4-45F3-41FF-88B0-ED22BB2AA927} = {2087A4F3-1E5A-47D4-9CEC-B5DFBE0FB11A}
	EndGlobalSection
	GlobalSection(ExtensibilityGlobals) = postSolution
		SolutionGuid = {2D5A4E3B-FEF0-44E9-BED0-C2B9BF27D365}
	EndGlobalSection
EndGlobal
