
Microsoft Visual Studio Solution File, Format Version 12.00
# Visual Studio Version 16
VisualStudioVersion = 16.0.31702.278
MinimumVisualStudioVersion = 10.0.40219.1
Project("{2150E333-8FDC-42A3-9474-1A3956D46DE8}") = "src", "src", "{45A20CFC-7D76-42CC-9FC2-7A2D8767EDF7}"
EndProject
Project("{E53339B2-1760-4266-BCC7-CA923CBCF16C}") = "docker-compose", "docker-compose.dcproj", "{4C1C8193-60DB-40F1-95CC-4F7B0D54535E}"
EndProject
Project("{2150E333-8FDC-42A3-9474-1A3956D46DE8}") = "Auth", "Auth", "{576F5267-E8BF-45A3-8390-4C0A38FA2A8D}"
EndProject
Project("{2150E333-8FDC-42A3-9474-1A3956D46DE8}") = "User", "User", "{2C344C9C-8F83-417A-9D60-E8F398CA5093}"
EndProject
Project("{2150E333-8FDC-42A3-9474-1A3956D46DE8}") = "Shared", "Shared", "{1D51BB6F-6966-49E6-B49B-7AFA83D052D8}"
EndProject
Project("{9A19103F-16F7-4668-BE54-9A1E7A4F7556}") = "Messaging.Idendity.Api", "src\Auth\Messaging.Idendity.Api\Messaging.Idendity.Api.csproj", "{3A56C785-FAC8-4289-9AB4-9606E0336608}"
EndProject
Project("{9A19103F-16F7-4668-BE54-9A1E7A4F7556}") = "Messaging.User.Domain", "src\Shared\Messaging.User.Domain\Messaging.User.Domain.csproj", "{78C754B9-B065-4715-B7D8-00DD9A809C1D}"
EndProject
Project("{9A19103F-16F7-4668-BE54-9A1E7A4F7556}") = "Messaging.Shared.Common", "src\Shared\Messaging.Shared.Common\Messaging.Shared.Common.csproj", "{951BCADE-A03A-4899-8A30-DFEB1DFDECB7}"
EndProject
Project("{9A19103F-16F7-4668-BE54-9A1E7A4F7556}") = "Messaging.User.Api", "src\User\Messaging.User.Api\Messaging.User.Api.csproj", "{C7CD8AE2-D389-41AF-BA71-6450813DE6C7}"
EndProject
Project("{9A19103F-16F7-4668-BE54-9A1E7A4F7556}") = "Messaging.User.Services", "src\User\Messaging.User.Services\Messaging.User.Services.csproj", "{ED7A3746-061B-4B92-9C33-35E28C90EC77}"
EndProject
Project("{2150E333-8FDC-42A3-9474-1A3956D46DE8}") = "Chat", "Chat", "{FD42D3CA-50D7-4659-84A3-87551B091AA1}"
EndProject
Project("{9A19103F-16F7-4668-BE54-9A1E7A4F7556}") = "Messaging.Chat.Api", "src\Chat\Messaging.Chat.Api\Messaging.Chat.Api.csproj", "{17379B81-8E5B-43B1-8C3F-2092FF6E0510}"
EndProject
Project("{9A19103F-16F7-4668-BE54-9A1E7A4F7556}") = "Messaging.Chat.Services", "src\Chat\Messaging.Chat.Services\Messaging.Chat.Services.csproj", "{C8559FCB-AFCB-4481-8C8F-7B10BAAFAFA0}"
EndProject
Project("{9A19103F-16F7-4668-BE54-9A1E7A4F7556}") = "Messaging.Chat.Domain", "src\Chat\Messaging.Chat.Domain\Messaging.Chat.Domain.csproj", "{64937890-AA8D-4519-9892-49D7F8737678}"
EndProject
Project("{9A19103F-16F7-4668-BE54-9A1E7A4F7556}") = "Messaging.Chat.Application", "src\Chat\Messaging.Chat.Application\Messaging.Chat.Application.csproj", "{873E27ED-B859-4D69-851F-403B259D6E81}"
EndProject
Project("{9A19103F-16F7-4668-BE54-9A1E7A4F7556}") = "Messaging.User.Application", "src\User\Messaging.User.Application\Messaging.User.Application.csproj", "{F23443F7-6F7E-4D80-956D-5B756ED95629}"
EndProject
Project("{2150E333-8FDC-42A3-9474-1A3956D46DE8}") = "tests", "tests", "{6DFD49D9-3218-4CD2-AA0C-E1A3E902B484}"
EndProject
Project("{9A19103F-16F7-4668-BE54-9A1E7A4F7556}") = "User.Api.Tests", "tests\User.Api.Tests\User.Api.Tests.csproj", "{8132323F-1B21-46E3-8A5F-453CF0C34EDC}"
EndProject
Project("{9A19103F-16F7-4668-BE54-9A1E7A4F7556}") = "Services.Identity.Tests", "tests\Services.Auth.Tests\Services.Identity.Tests.csproj", "{5A6DD442-65CD-47F9-99C8-86D598FE225C}"
EndProject
Project("{9A19103F-16F7-4668-BE54-9A1E7A4F7556}") = "Services.User.Tests", "tests\Actio.Services.Activities.Tests\Services.User.Tests.csproj", "{65482FAF-71B1-4788-B1ED-F4F55850E9C2}"
EndProject
Global
	GlobalSection(SolutionConfigurationPlatforms) = preSolution
		Debug|Any CPU = Debug|Any CPU
		Release|Any CPU = Release|Any CPU
	EndGlobalSection
	GlobalSection(ProjectConfigurationPlatforms) = postSolution
		{4C1C8193-60DB-40F1-95CC-4F7B0D54535E}.Debug|Any CPU.ActiveCfg = Debug|Any CPU
		{4C1C8193-60DB-40F1-95CC-4F7B0D54535E}.Debug|Any CPU.Build.0 = Debug|Any CPU
		{4C1C8193-60DB-40F1-95CC-4F7B0D54535E}.Release|Any CPU.ActiveCfg = Release|Any CPU
		{4C1C8193-60DB-40F1-95CC-4F7B0D54535E}.Release|Any CPU.Build.0 = Release|Any CPU
		{3A56C785-FAC8-4289-9AB4-9606E0336608}.Debug|Any CPU.ActiveCfg = Debug|Any CPU
		{3A56C785-FAC8-4289-9AB4-9606E0336608}.Debug|Any CPU.Build.0 = Debug|Any CPU
		{3A56C785-FAC8-4289-9AB4-9606E0336608}.Release|Any CPU.ActiveCfg = Release|Any CPU
		{3A56C785-FAC8-4289-9AB4-9606E0336608}.Release|Any CPU.Build.0 = Release|Any CPU
		{78C754B9-B065-4715-B7D8-00DD9A809C1D}.Debug|Any CPU.ActiveCfg = Debug|Any CPU
		{78C754B9-B065-4715-B7D8-00DD9A809C1D}.Debug|Any CPU.Build.0 = Debug|Any CPU
		{78C754B9-B065-4715-B7D8-00DD9A809C1D}.Release|Any CPU.ActiveCfg = Release|Any CPU
		{78C754B9-B065-4715-B7D8-00DD9A809C1D}.Release|Any CPU.Build.0 = Release|Any CPU
		{951BCADE-A03A-4899-8A30-DFEB1DFDECB7}.Debug|Any CPU.ActiveCfg = Debug|Any CPU
		{951BCADE-A03A-4899-8A30-DFEB1DFDECB7}.Debug|Any CPU.Build.0 = Debug|Any CPU
		{951BCADE-A03A-4899-8A30-DFEB1DFDECB7}.Release|Any CPU.ActiveCfg = Release|Any CPU
		{951BCADE-A03A-4899-8A30-DFEB1DFDECB7}.Release|Any CPU.Build.0 = Release|Any CPU
		{C7CD8AE2-D389-41AF-BA71-6450813DE6C7}.Debug|Any CPU.ActiveCfg = Debug|Any CPU
		{C7CD8AE2-D389-41AF-BA71-6450813DE6C7}.Debug|Any CPU.Build.0 = Debug|Any CPU
		{C7CD8AE2-D389-41AF-BA71-6450813DE6C7}.Release|Any CPU.ActiveCfg = Release|Any CPU
		{C7CD8AE2-D389-41AF-BA71-6450813DE6C7}.Release|Any CPU.Build.0 = Release|Any CPU
		{ED7A3746-061B-4B92-9C33-35E28C90EC77}.Debug|Any CPU.ActiveCfg = Debug|Any CPU
		{ED7A3746-061B-4B92-9C33-35E28C90EC77}.Debug|Any CPU.Build.0 = Debug|Any CPU
		{ED7A3746-061B-4B92-9C33-35E28C90EC77}.Release|Any CPU.ActiveCfg = Release|Any CPU
		{ED7A3746-061B-4B92-9C33-35E28C90EC77}.Release|Any CPU.Build.0 = Release|Any CPU
		{17379B81-8E5B-43B1-8C3F-2092FF6E0510}.Debug|Any CPU.ActiveCfg = Debug|Any CPU
		{17379B81-8E5B-43B1-8C3F-2092FF6E0510}.Debug|Any CPU.Build.0 = Debug|Any CPU
		{17379B81-8E5B-43B1-8C3F-2092FF6E0510}.Release|Any CPU.ActiveCfg = Release|Any CPU
		{17379B81-8E5B-43B1-8C3F-2092FF6E0510}.Release|Any CPU.Build.0 = Release|Any CPU
		{C8559FCB-AFCB-4481-8C8F-7B10BAAFAFA0}.Debug|Any CPU.ActiveCfg = Debug|Any CPU
		{C8559FCB-AFCB-4481-8C8F-7B10BAAFAFA0}.Debug|Any CPU.Build.0 = Debug|Any CPU
		{C8559FCB-AFCB-4481-8C8F-7B10BAAFAFA0}.Release|Any CPU.ActiveCfg = Release|Any CPU
		{C8559FCB-AFCB-4481-8C8F-7B10BAAFAFA0}.Release|Any CPU.Build.0 = Release|Any CPU
		{64937890-AA8D-4519-9892-49D7F8737678}.Debug|Any CPU.ActiveCfg = Debug|Any CPU
		{64937890-AA8D-4519-9892-49D7F8737678}.Debug|Any CPU.Build.0 = Debug|Any CPU
		{64937890-AA8D-4519-9892-49D7F8737678}.Release|Any CPU.ActiveCfg = Release|Any CPU
		{64937890-AA8D-4519-9892-49D7F8737678}.Release|Any CPU.Build.0 = Release|Any CPU
		{873E27ED-B859-4D69-851F-403B259D6E81}.Debug|Any CPU.ActiveCfg = Debug|Any CPU
		{873E27ED-B859-4D69-851F-403B259D6E81}.Debug|Any CPU.Build.0 = Debug|Any CPU
		{873E27ED-B859-4D69-851F-403B259D6E81}.Release|Any CPU.ActiveCfg = Release|Any CPU
		{873E27ED-B859-4D69-851F-403B259D6E81}.Release|Any CPU.Build.0 = Release|Any CPU
		{F23443F7-6F7E-4D80-956D-5B756ED95629}.Debug|Any CPU.ActiveCfg = Debug|Any CPU
		{F23443F7-6F7E-4D80-956D-5B756ED95629}.Debug|Any CPU.Build.0 = Debug|Any CPU
		{F23443F7-6F7E-4D80-956D-5B756ED95629}.Release|Any CPU.ActiveCfg = Release|Any CPU
		{F23443F7-6F7E-4D80-956D-5B756ED95629}.Release|Any CPU.Build.0 = Release|Any CPU
		{8132323F-1B21-46E3-8A5F-453CF0C34EDC}.Debug|Any CPU.ActiveCfg = Debug|Any CPU
		{8132323F-1B21-46E3-8A5F-453CF0C34EDC}.Debug|Any CPU.Build.0 = Debug|Any CPU
		{8132323F-1B21-46E3-8A5F-453CF0C34EDC}.Release|Any CPU.ActiveCfg = Release|Any CPU
		{8132323F-1B21-46E3-8A5F-453CF0C34EDC}.Release|Any CPU.Build.0 = Release|Any CPU
		{5A6DD442-65CD-47F9-99C8-86D598FE225C}.Debug|Any CPU.ActiveCfg = Debug|Any CPU
		{5A6DD442-65CD-47F9-99C8-86D598FE225C}.Debug|Any CPU.Build.0 = Debug|Any CPU
		{5A6DD442-65CD-47F9-99C8-86D598FE225C}.Release|Any CPU.ActiveCfg = Release|Any CPU
		{5A6DD442-65CD-47F9-99C8-86D598FE225C}.Release|Any CPU.Build.0 = Release|Any CPU
		{65482FAF-71B1-4788-B1ED-F4F55850E9C2}.Debug|Any CPU.ActiveCfg = Debug|Any CPU
		{65482FAF-71B1-4788-B1ED-F4F55850E9C2}.Debug|Any CPU.Build.0 = Debug|Any CPU
		{65482FAF-71B1-4788-B1ED-F4F55850E9C2}.Release|Any CPU.ActiveCfg = Release|Any CPU
		{65482FAF-71B1-4788-B1ED-F4F55850E9C2}.Release|Any CPU.Build.0 = Release|Any CPU
	EndGlobalSection
	GlobalSection(SolutionProperties) = preSolution
		HideSolutionNode = FALSE
	EndGlobalSection
	GlobalSection(NestedProjects) = preSolution
		{576F5267-E8BF-45A3-8390-4C0A38FA2A8D} = {45A20CFC-7D76-42CC-9FC2-7A2D8767EDF7}
		{2C344C9C-8F83-417A-9D60-E8F398CA5093} = {45A20CFC-7D76-42CC-9FC2-7A2D8767EDF7}
		{1D51BB6F-6966-49E6-B49B-7AFA83D052D8} = {45A20CFC-7D76-42CC-9FC2-7A2D8767EDF7}
		{3A56C785-FAC8-4289-9AB4-9606E0336608} = {576F5267-E8BF-45A3-8390-4C0A38FA2A8D}
		{78C754B9-B065-4715-B7D8-00DD9A809C1D} = {2C344C9C-8F83-417A-9D60-E8F398CA5093}
		{951BCADE-A03A-4899-8A30-DFEB1DFDECB7} = {1D51BB6F-6966-49E6-B49B-7AFA83D052D8}
		{C7CD8AE2-D389-41AF-BA71-6450813DE6C7} = {2C344C9C-8F83-417A-9D60-E8F398CA5093}
		{ED7A3746-061B-4B92-9C33-35E28C90EC77} = {2C344C9C-8F83-417A-9D60-E8F398CA5093}
		{FD42D3CA-50D7-4659-84A3-87551B091AA1} = {45A20CFC-7D76-42CC-9FC2-7A2D8767EDF7}
		{17379B81-8E5B-43B1-8C3F-2092FF6E0510} = {FD42D3CA-50D7-4659-84A3-87551B091AA1}
		{C8559FCB-AFCB-4481-8C8F-7B10BAAFAFA0} = {FD42D3CA-50D7-4659-84A3-87551B091AA1}
		{64937890-AA8D-4519-9892-49D7F8737678} = {FD42D3CA-50D7-4659-84A3-87551B091AA1}
		{873E27ED-B859-4D69-851F-403B259D6E81} = {FD42D3CA-50D7-4659-84A3-87551B091AA1}
		{F23443F7-6F7E-4D80-956D-5B756ED95629} = {2C344C9C-8F83-417A-9D60-E8F398CA5093}
		{8132323F-1B21-46E3-8A5F-453CF0C34EDC} = {6DFD49D9-3218-4CD2-AA0C-E1A3E902B484}
		{5A6DD442-65CD-47F9-99C8-86D598FE225C} = {6DFD49D9-3218-4CD2-AA0C-E1A3E902B484}
		{65482FAF-71B1-4788-B1ED-F4F55850E9C2} = {6DFD49D9-3218-4CD2-AA0C-E1A3E902B484}
	EndGlobalSection
	GlobalSection(ExtensibilityGlobals) = postSolution
		SolutionGuid = {2D5A4E3B-FEF0-44E9-BED0-C2B9BF27D365}
	EndGlobalSection
EndGlobal
